// !$*UTF8*$!
{
	archiveVersion = 1;
	classes = {
	};
	objectVersion = 46;
	objects = {

/* Begin PBXBuildFile section */
		76485D731D38CB51009DDCA1 /* main.m in Sources */ = {isa = PBXBuildFile; fileRef = 76485D721D38CB51009DDCA1 /* main.m */; };
		76485D761D38CB51009DDCA1 /* AppDelegate.m in Sources */ = {isa = PBXBuildFile; fileRef = 76485D751D38CB51009DDCA1 /* AppDelegate.m */; };
		76485D791D38CB51009DDCA1 /* ViewController.m in Sources */ = {isa = PBXBuildFile; fileRef = 76485D781D38CB51009DDCA1 /* ViewController.m */; };
		76485D7C1D38CB51009DDCA1 /* Main.storyboard in Resources */ = {isa = PBXBuildFile; fileRef = 76485D7A1D38CB51009DDCA1 /* Main.storyboard */; };
		76485D7E1D38CB51009DDCA1 /* Assets.xcassets in Resources */ = {isa = PBXBuildFile; fileRef = 76485D7D1D38CB51009DDCA1 /* Assets.xcassets */; };
		76485D811D38CB51009DDCA1 /* LaunchScreen.storyboard in Resources */ = {isa = PBXBuildFile; fileRef = 76485D7F1D38CB51009DDCA1 /* LaunchScreen.storyboard */; };
		7A40CFD63F576095AC934329 /* Pods_LCActionSheetDemo.framework in Frameworks */ = {isa = PBXBuildFile; fileRef = 1AD8C42331E17A122BFE33A8 /* Pods_LCActionSheetDemo.framework */; };
/* End PBXBuildFile section */

/* Begin PBXFileReference section */
		1AD8C42331E17A122BFE33A8 /* Pods_LCActionSheetDemo.framework */ = {isa = PBXFileReference; explicitFileType = wrapper.framework; includeInIndex = 0; path = Pods_LCActionSheetDemo.framework; sourceTree = BUILT_PRODUCTS_DIR; };
		414C535D1B85BFA6AFA182CC /* Pods-LCActionSheetDemo.release.xcconfig */ = {isa = PBXFileReference; includeInIndex = 1; lastKnownFileType = text.xcconfig; name = "Pods-LCActionSheetDemo.release.xcconfig"; path = "Pods/Target Support Files/Pods-LCActionSheetDemo/Pods-LCActionSheetDemo.release.xcconfig"; sourceTree = "<group>"; };
		76485D6E1D38CB51009DDCA1 /* LCActionSheetDemo.app */ = {isa = PBXFileReference; explicitFileType = wrapper.application; includeInIndex = 0; path = LCActionSheetDemo.app; sourceTree = BUILT_PRODUCTS_DIR; };
		76485D721D38CB51009DDCA1 /* main.m */ = {isa = PBXFileReference; lastKnownFileType = sourcecode.c.objc; path = main.m; sourceTree = "<group>"; };
		76485D741D38CB51009DDCA1 /* AppDelegate.h */ = {isa = PBXFileReference; lastKnownFileType = sourcecode.c.h; path = AppDelegate.h; sourceTree = "<group>"; };
		76485D751D38CB51009DDCA1 /* AppDelegate.m */ = {isa = PBXFileReference; lastKnownFileType = sourcecode.c.objc; path = AppDelegate.m; sourceTree = "<group>"; };
		76485D771D38CB51009DDCA1 /* ViewController.h */ = {isa = PBXFileReference; lastKnownFileType = sourcecode.c.h; path = ViewController.h; sourceTree = "<group>"; };
		76485D781D38CB51009DDCA1 /* ViewController.m */ = {isa = PBXFileReference; lastKnownFileType = sourcecode.c.objc; path = ViewController.m; sourceTree = "<group>"; };
		76485D7B1D38CB51009DDCA1 /* Base */ = {isa = PBXFileReference; lastKnownFileType = file.storyboard; name = Base; path = Base.lproj/Main.storyboard; sourceTree = "<group>"; };
		76485D7D1D38CB51009DDCA1 /* Assets.xcassets */ = {isa = PBXFileReference; lastKnownFileType = folder.assetcatalog; path = Assets.xcassets; sourceTree = "<group>"; };
		76485D801D38CB51009DDCA1 /* Base */ = {isa = PBXFileReference; lastKnownFileType = file.storyboard; name = Base; path = Base.lproj/LaunchScreen.storyboard; sourceTree = "<group>"; };
		76485D821D38CB51009DDCA1 /* Info.plist */ = {isa = PBXFileReference; lastKnownFileType = text.plist.xml; path = Info.plist; sourceTree = "<group>"; };
		D92F5E438C3331543AF4FC11 /* Pods-LCActionSheetDemo.debug.xcconfig */ = {isa = PBXFileReference; includeInIndex = 1; lastKnownFileType = text.xcconfig; name = "Pods-LCActionSheetDemo.debug.xcconfig"; path = "Pods/Target Support Files/Pods-LCActionSheetDemo/Pods-LCActionSheetDemo.debug.xcconfig"; sourceTree = "<group>"; };
/* End PBXFileReference section */

/* Begin PBXFrameworksBuildPhase section */
		76485D6B1D38CB51009DDCA1 /* Frameworks */ = {
			isa = PBXFrameworksBuildPhase;
			buildActionMask = 2147483647;
			files = (
				7A40CFD63F576095AC934329 /* Pods_LCActionSheetDemo.framework in Frameworks */,
			);
			runOnlyForDeploymentPostprocessing = 0;
		};
/* End PBXFrameworksBuildPhase section */

/* Begin PBXGroup section */
		429DC349A7607850253B26DF /* Frameworks */ = {
			isa = PBXGroup;
			children = (
				1AD8C42331E17A122BFE33A8 /* Pods_LCActionSheetDemo.framework */,
			);
			name = Frameworks;
			sourceTree = "<group>";
		};
		76485D651D38CB51009DDCA1 = {
			isa = PBXGroup;
			children = (
				76485D701D38CB51009DDCA1 /* LCActionSheetDemo */,
				76485D6F1D38CB51009DDCA1 /* Products */,
				BC96259A312951DE121B8FC0 /* Pods */,
				429DC349A7607850253B26DF /* Frameworks */,
			);
			sourceTree = "<group>";
		};
		76485D6F1D38CB51009DDCA1 /* Products */ = {
			isa = PBXGroup;
			children = (
				76485D6E1D38CB51009DDCA1 /* LCActionSheetDemo.app */,
			);
			name = Products;
			sourceTree = "<group>";
		};
		76485D701D38CB51009DDCA1 /* LCActionSheetDemo */ = {
			isa = PBXGroup;
			children = (
				76485D741D38CB51009DDCA1 /* AppDelegate.h */,
				76485D751D38CB51009DDCA1 /* AppDelegate.m */,
				76485D771D38CB51009DDCA1 /* ViewController.h */,
				76485D781D38CB51009DDCA1 /* ViewController.m */,
				76485D7A1D38CB51009DDCA1 /* Main.storyboard */,
				76485D711D38CB51009DDCA1 /* Supporting Files */,
			);
			path = LCActionSheetDemo;
			sourceTree = "<group>";
		};
		76485D711D38CB51009DDCA1 /* Supporting Files */ = {
			isa = PBXGroup;
			children = (
				76485D7D1D38CB51009DDCA1 /* Assets.xcassets */,
				76485D7F1D38CB51009DDCA1 /* LaunchScreen.storyboard */,
				76485D821D38CB51009DDCA1 /* Info.plist */,
				76485D721D38CB51009DDCA1 /* main.m */,
			);
			name = "Supporting Files";
			sourceTree = "<group>";
		};
		BC96259A312951DE121B8FC0 /* Pods */ = {
			isa = PBXGroup;
			children = (
				D92F5E438C3331543AF4FC11 /* Pods-LCActionSheetDemo.debug.xcconfig */,
				414C535D1B85BFA6AFA182CC /* Pods-LCActionSheetDemo.release.xcconfig */,
			);
			name = Pods;
			sourceTree = "<group>";
		};
/* End PBXGroup section */

/* Begin PBXNativeTarget section */
		76485D6D1D38CB51009DDCA1 /* LCActionSheetDemo */ = {
			isa = PBXNativeTarget;
			buildConfigurationList = 76485D9B1D38CB51009DDCA1 /* Build configuration list for PBXNativeTarget "LCActionSheetDemo" */;
			buildPhases = (
				4D8EB10F54F940F16EAE88E3 /* [CP] Check Pods Manifest.lock */,
				76485D6A1D38CB51009DDCA1 /* Sources */,
				76485D6B1D38CB51009DDCA1 /* Frameworks */,
				76485D6C1D38CB51009DDCA1 /* Resources */,
				297D028FB2E660E171838655 /* [CP] Embed Pods Frameworks */,
				0CFFD8AFCA6E4E78E953DF7D /* [CP] Copy Pods Resources */,
			);
			buildRules = (
			);
			dependencies = (
			);
			name = LCActionSheetDemo;
			productName = LCActionSheetDemo;
			productReference = 76485D6E1D38CB51009DDCA1 /* LCActionSheetDemo.app */;
			productType = "com.apple.product-type.application";
		};
/* End PBXNativeTarget section */

/* Begin PBXProject section */
		76485D661D38CB51009DDCA1 /* Project object */ = {
			isa = PBXProject;
			attributes = {
				LastUpgradeCheck = 0910;
				ORGANIZATIONNAME = "Leo（http://LeoDev.me）";
				TargetAttributes = {
					76485D6D1D38CB51009DDCA1 = {
						CreatedOnToolsVersion = 7.3.1;
					};
				};
			};
			buildConfigurationList = 76485D691D38CB51009DDCA1 /* Build configuration list for PBXProject "LCActionSheetDemo" */;
			compatibilityVersion = "Xcode 3.2";
			developmentRegion = English;
			hasScannedForEncodings = 0;
			knownRegions = (
				en,
				Base,
			);
			mainGroup = 76485D651D38CB51009DDCA1;
			productRefGroup = 76485D6F1D38CB51009DDCA1 /* Products */;
			projectDirPath = "";
			projectRoot = "";
			targets = (
				76485D6D1D38CB51009DDCA1 /* LCActionSheetDemo */,
			);
		};
/* End PBXProject section */

/* Begin PBXResourcesBuildPhase section */
		76485D6C1D38CB51009DDCA1 /* Resources */ = {
			isa = PBXResourcesBuildPhase;
			buildActionMask = 2147483647;
			files = (
				76485D811D38CB51009DDCA1 /* LaunchScreen.storyboard in Resources */,
				76485D7E1D38CB51009DDCA1 /* Assets.xcassets in Resources */,
				76485D7C1D38CB51009DDCA1 /* Main.storyboard in Resources */,
			);
			runOnlyForDeploymentPostprocessing = 0;
		};
/* End PBXResourcesBuildPhase section */

/* Begin PBXShellScriptBuildPhase section */
		0CFFD8AFCA6E4E78E953DF7D /* [CP] Copy Pods Resources */ = {
			isa = PBXShellScriptBuildPhase;
			buildActionMask = 2147483647;
			files = (
			);
			inputPaths = (
			);
			name = "[CP] Copy Pods Resources";
			outputPaths = (
			);
			runOnlyForDeploymentPostprocessing = 0;
			shellPath = /bin/sh;
			shellScript = "\"${SRCROOT}/Pods/Target Support Files/Pods-LCActionSheetDemo/Pods-LCActionSheetDemo-resources.sh\"\n";
			showEnvVarsInLog = 0;
		};
		297D028FB2E660E171838655 /* [CP] Embed Pods Frameworks */ = {
			isa = PBXShellScriptBuildPhase;
			buildActionMask = 2147483647;
			files = (
			);
			inputPaths = (
				"${SRCROOT}/Pods/Target Support Files/Pods-LCActionSheetDemo/Pods-LCActionSheetDemo-frameworks.sh",
				"${BUILT_PRODUCTS_DIR}/LCActionSheet/LCActionSheet.framework",
				"${BUILT_PRODUCTS_DIR}/Masonry/Masonry.framework",
			);
			name = "[CP] Embed Pods Frameworks";
			outputPaths = (
				"${TARGET_BUILD_DIR}/${FRAMEWORKS_FOLDER_PATH}/LCActionSheet.framework",
				"${TARGET_BUILD_DIR}/${FRAMEWORKS_FOLDER_PATH}/Masonry.framework",
			);
			runOnlyForDeploymentPostprocessing = 0;
			shellPath = /bin/sh;
			shellScript = "\"${SRCROOT}/Pods/Target Support Files/Pods-LCActionSheetDemo/Pods-LCActionSheetDemo-frameworks.sh\"\n";
			showEnvVarsInLog = 0;
		};
		4D8EB10F54F940F16EAE88E3 /* [CP] Check Pods Manifest.lock */ = {
			isa = PBXShellScriptBuildPhase;
			buildActionMask = 2147483647;
			files = (
			);
			inputPaths = (
				"${PODS_PODFILE_DIR_PATH}/Podfile.lock",
				"${PODS_ROOT}/Manifest.lock",
			);
			name = "[CP] Check Pods Manifest.lock";
			outputPaths = (
				"$(DERIVED_FILE_DIR)/Pods-LCActionSheetDemo-checkManifestLockResult.txt",
			);
			runOnlyForDeploymentPostprocessing = 0;
			shellPath = /bin/sh;
			shellScript = "diff \"${PODS_PODFILE_DIR_PATH}/Podfile.lock\" \"${PODS_ROOT}/Manifest.lock\" > /dev/null\nif [ $? != 0 ] ; then\n    # print error to STDERR\n    echo \"error: The sandbox is not in sync with the Podfile.lock. Run 'pod install' or update your CocoaPods installation.\" >&2\n    exit 1\nfi\n# This output is used by Xcode 'outputs' to avoid re-running this script phase.\necho \"SUCCESS\" > \"${SCRIPT_OUTPUT_FILE_0}\"\n";
			showEnvVarsInLog = 0;
		};
/* End PBXShellScriptBuildPhase section */

/* Begin PBXSourcesBuildPhase section */
		76485D6A1D38CB51009DDCA1 /* Sources */ = {
			isa = PBXSourcesBuildPhase;
			buildActionMask = 2147483647;
			files = (
				76485D791D38CB51009DDCA1 /* ViewController.m in Sources */,
				76485D761D38CB51009DDCA1 /* AppDelegate.m in Sources */,
				76485D731D38CB51009DDCA1 /* main.m in Sources */,
			);
			runOnlyForDeploymentPostprocessing = 0;
		};
/* End PBXSourcesBuildPhase section */

/* Begin PBXVariantGroup section */
		76485D7A1D38CB51009DDCA1 /* Main.storyboard */ = {
			isa = PBXVariantGroup;
			children = (
				76485D7B1D38CB51009DDCA1 /* Base */,
			);
			name = Main.storyboard;
			sourceTree = "<group>";
		};
		76485D7F1D38CB51009DDCA1 /* LaunchScreen.storyboard */ = {
			isa = PBXVariantGroup;
			children = (
				76485D801D38CB51009DDCA1 /* Base */,
			);
			name = LaunchScreen.storyboard;
			sourceTree = "<group>";
		};
/* End PBXVariantGroup section */

/* Begin XCBuildConfiguration section */
		76485D991D38CB51009DDCA1 /* Debug */ = {
			isa = XCBuildConfiguration;
			buildSettings = {
				ALWAYS_SEARCH_USER_PATHS = NO;
				CLANG_ANALYZER_NONNULL = YES;
				CLANG_CXX_LANGUAGE_STANDARD = "gnu++0x";
				CLANG_CXX_LIBRARY = "libc++";
				CLANG_ENABLE_MODULES = YES;
				CLANG_ENABLE_OBJC_ARC = YES;
				CLANG_WARN_BLOCK_CAPTURE_AUTORELEASING = YES;
				CLANG_WARN_BOOL_CONVERSION = YES;
				CLANG_WARN_COMMA = YES;
				CLANG_WARN_CONSTANT_CONVERSION = YES;
				CLANG_WARN_DIRECT_OBJC_ISA_USAGE = YES_ERROR;
				CLANG_WARN_EMPTY_BODY = YES;
				CLANG_WARN_ENUM_CONVERSION = YES;
				CLANG_WARN_INFINITE_RECURSION = YES;
				CLANG_WARN_INT_CONVERSION = YES;
				CLANG_WARN_NON_LITERAL_NULL_CONVERSION = YES;
				CLANG_WARN_OBJC_LITERAL_CONVERSION = YES;
				CLANG_WARN_OBJC_ROOT_CLASS = YES_ERROR;
				CLANG_WARN_RANGE_LOOP_ANALYSIS = YES;
				CLANG_WARN_STRICT_PROTOTYPES = YES;
				CLANG_WARN_SUSPICIOUS_MOVE = YES;
				CLANG_WARN_UNREACHABLE_CODE = YES;
				CLANG_WARN__DUPLICATE_METHOD_MATCH = YES;
				"CODE_SIGN_IDENTITY[sdk=iphoneos*]" = "iPhone Developer";
				COPY_PHASE_STRIP = NO;
				DEBUG_INFORMATION_FORMAT = dwarf;
				ENABLE_STRICT_OBJC_MSGSEND = YES;
				ENABLE_TESTABILITY = YES;
				GCC_C_LANGUAGE_STANDARD = gnu99;
				GCC_DYNAMIC_NO_PIC = NO;
				GCC_NO_COMMON_BLOCKS = YES;
				GCC_OPTIMIZATION_LEVEL = 0;
				GCC_PREPROCESSOR_DEFINITIONS = (
					"DEBUG=1",
					"$(inherited)",
				);
				GCC_WARN_64_TO_32_BIT_CONVERSION = YES;
				GCC_WARN_ABOUT_RETURN_TYPE = YES_ERROR;
				GCC_WARN_UNDECLARED_SELECTOR = YES;
				GCC_WARN_UNINITIALIZED_AUTOS = YES_AGGRESSIVE;
				GCC_WARN_UNUSED_FUNCTION = YES;
				GCC_WARN_UNUSED_VARIABLE = YES;
				IPHONEOS_DEPLOYMENT_TARGET = 8.0;
				MTL_ENABLE_DEBUG_INFO = YES;
				ONLY_ACTIVE_ARCH = YES;
				SDKROOT = iphoneos;
				TARGETED_DEVICE_FAMILY = "1,2";
			};
			name = Debug;
		};
		76485D9A1D38CB51009DDCA1 /* Release */ = {
			isa = XCBuildConfiguration;
			buildSettings = {
				ALWAYS_SEARCH_USER_PATHS = NO;
				CLANG_ANALYZER_NONNULL = YES;
				CLANG_CXX_LANGUAGE_STANDARD = "gnu++0x";
				CLANG_CXX_LIBRARY = "libc++";
				CLANG_ENABLE_MODULES = YES;
				CLANG_ENABLE_OBJC_ARC = YES;
				CLANG_WARN_BLOCK_CAPTURE_AUTORELEASING = YES;
				CLANG_WARN_BOOL_CONVERSION = YES;
				CLANG_WARN_COMMA = YES;
				CLANG_WARN_CONSTANT_CONVERSION = YES;
				CLANG_WARN_DIRECT_OBJC_ISA_USAGE = YES_ERROR;
				CLANG_WARN_EMPTY_BODY = YES;
				CLANG_WARN_ENUM_CONVERSION = YES;
				CLANG_WARN_INFINITE_RECURSION = YES;
				CLANG_WARN_INT_CONVERSION = YES;
				CLANG_WARN_NON_LITERAL_NULL_CONVERSION = YES;
				CLANG_WARN_OBJC_LITERAL_CONVERSION = YES;
				CLANG_WARN_OBJC_ROOT_CLASS = YES_ERROR;
				CLANG_WARN_RANGE_LOOP_ANALYSIS = YES;
				CLANG_WARN_STRICT_PROTOTYPES = YES;
				CLANG_WARN_SUSPICIOUS_MOVE = YES;
				CLANG_WARN_UNREACHABLE_CODE = YES;
				CLANG_WARN__DUPLICATE_METHOD_MATCH = YES;
				"CODE_SIGN_IDENTITY[sdk=iphoneos*]" = "iPhone Developer";
				COPY_PHASE_STRIP = NO;
				DEBUG_INFORMATION_FORMAT = "dwarf-with-dsym";
				ENABLE_NS_ASSERTIONS = NO;
				ENABLE_STRICT_OBJC_MSGSEND = YES;
				GCC_C_LANGUAGE_STANDARD = gnu99;
				GCC_NO_COMMON_BLOCKS = YES;
				GCC_WARN_64_TO_32_BIT_CONVERSION = YES;
				GCC_WARN_ABOUT_RETURN_TYPE = YES_ERROR;
				GCC_WARN_UNDECLARED_SELECTOR = YES;
				GCC_WARN_UNINITIALIZED_AUTOS = YES_AGGRESSIVE;
				GCC_WARN_UNUSED_FUNCTION = YES;
				GCC_WARN_UNUSED_VARIABLE = YES;
				IPHONEOS_DEPLOYMENT_TARGET = 8.0;
				MTL_ENABLE_DEBUG_INFO = NO;
				SDKROOT = iphoneos;
				TARGETED_DEVICE_FAMILY = "1,2";
				VALIDATE_PRODUCT = YES;
			};
			name = Release;
		};
		76485D9C1D38CB51009DDCA1 /* Debug */ = {
			isa = XCBuildConfiguration;
			baseConfigurationReference = D92F5E438C3331543AF4FC11 /* Pods-LCActionSheetDemo.debug.xcconfig */;
			buildSettings = {
				ASSETCATALOG_COMPILER_APPICON_NAME = AppIcon;
				ASSETCATALOG_COMPILER_LAUNCHIMAGE_NAME = "Brand Assets";
				DEVELOPMENT_TEAM = "";
				INFOPLIST_FILE = LCActionSheetDemo/Info.plist;
				IPHONEOS_DEPLOYMENT_TARGET = 8.0;
				LD_RUNPATH_SEARCH_PATHS = "$(inherited) @executable_path/Frameworks";
				PRODUCT_BUNDLE_IDENTIFIER = me.leodev.LCActionSheetDemo;
				PRODUCT_NAME = "$(TARGET_NAME)";
			};
			name = Debug;
		};
		76485D9D1D38CB51009DDCA1 /* Release */ = {
			isa = XCBuildConfiguration;
			baseConfigurationReference = 414C535D1B85BFA6AFA182CC /* Pods-LCActionSheetDemo.release.xcconfig */;
			buildSettings = {
				ASSETCATALOG_COMPILER_APPICON_NAME = AppIcon;
				ASSETCATALOG_COMPILER_LAUNCHIMAGE_NAME = "Brand Assets";
				DEVELOPMENT_TEAM = "";
				INFOPLIST_FILE = LCActionSheetDemo/Info.plist;
				IPHONEOS_DEPLOYMENT_TARGET = 8.0;
				LD_RUNPATH_SEARCH_PATHS = "$(inherited) @executable_path/Frameworks";
				PRODUCT_BUNDLE_IDENTIFIER = me.leodev.LCActionSheetDemo;
				PRODUCT_NAME = "$(TARGET_NAME)";
			};
			name = Release;
		};
/* End XCBuildConfiguration section */

/* Begin XCConfigurationList section */
		76485D691D38CB51009DDCA1 /* Build configuration list for PBXProject "LCActionSheetDemo" */ = {
			isa = XCConfigurationList;
			buildConfigurations = (
				76485D991D38CB51009DDCA1 /* Debug */,
				76485D9A1D38CB51009DDCA1 /* Release */,
			);
			defaultConfigurationIsVisible = 0;
			defaultConfigurationName = Release;
		};
		76485D9B1D38CB51009DDCA1 /* Build configuration list for PBXNativeTarget "LCActionSheetDemo" */ = {
			isa = XCConfigurationList;
			buildConfigurations = (
				76485D9C1D38CB51009DDCA1 /* Debug */,
				76485D9D1D38CB51009DDCA1 /* Release */,
			);
			defaultConfigurationIsVisible = 0;
			defaultConfigurationName = Release;
		};
/* End XCConfigurationList section */
	};
	rootObject = 76485D661D38CB51009DDCA1 /* Project object */;
}
