PODS:
  - LCActionSheet (3.3.1):
    - Masonry (~> 1.1.0)
  - Masonry (1.1.0)

DEPENDENCIES:
  - LCActionSheet (from `../`)

EXTERNAL SOURCES:
  LCActionSheet:
    :path: ../

SPEC CHECKSUMS:
  LCActionSheet: c3b4c9029aef65b33e4d89ef371da95787a1fd3b
  Masonry: 678fab65091a9290e40e2832a55e7ab731aad201

PODFILE CHECKSUM: 69168bdd948b94bccadca73ee1fc5a6830365fc0

COCOAPODS: 1.2.1
