PODS:
  - LCActionSheet (3.2.2):
    - Masonry (~> 1.0.2)
  - Masonry (1.0.2)

DEPENDENCIES:
  - LCActionSheet (from `../`)

EXTERNAL SOURCES:
  LCActionSheet:
    :path: "../"

SPEC CHECKSUMS:
  LCActionSheet: 5a71fdd0daee922ee44fed386dd4b3f36490275d
  Masonry: 7c429b56da9d4ee0bbb3ed77a5ea710d6a5df39e

PODFILE CHECKSUM: 69168bdd948b94bccadca73ee1fc5a6830365fc0

COCOAPODS: 1.2.1
