PODS:
  - LCActionSheet (3.4.0):
    - Masonry (~> 1.1.0)
  - Masonry (1.1.0)

DEPENDENCIES:
  - LCActionSheet (from `../`)

EXTERNAL SOURCES:
  LCActionSheet:
    :path: ../

SPEC CHECKSUMS:
  LCActionSheet: f7666a447b77adfaf86a7175dd348d64ea8c528c
  Masonry: 678fab65091a9290e40e2832a55e7ab731aad201

PODFILE CHECKSUM: b39431b563282fcd652765b42880ae0ed18597a4

COCOAPODS: 1.3.1
